Microsoft Visual Studio Solution File, Format Version 12.00
# Visual Studio Version 17
VisualStudioVersion = 17.5.2.0
MinimumVisualStudioVersion = 10.0.40219.1
Project("{FAE04EC0-301F-11D3-BF4B-00C04F79EFBC}") = "MobileApp", "MobileApp\MobileApp.csproj", "{7FC7663E-E503-DDAF-27FD-1196C6041814}"
EndProject
Project("{2150E333-8FDC-42A3-9474-1A3956D46DE8}") = "Backend", "Backend", "{1AE8ACA6-933B-BF2A-3671-3E2EAC007D16}"
EndProject
Project("{FAE04EC0-301F-11D3-BF4B-00C04F79EFBC}") = "OfflineSyncFunction", "Backend\OfflineSyncFunction\OfflineSyncFunction.csproj", "{951796D5-72D5-DE40-A137-BFA60740A989}"
EndProject
Project("{FAE04EC0-301F-11D3-BF4B-00C04F79EFBC}") = "RedeemFunction", "Backend\RedeemFunction\RedeemFunction.csproj", "{9BB8824B-01FD-F5F5-8197-BD886C7277BF}"
EndProject
Global
	GlobalSection(SolutionConfigurationPlatforms) = preSolution
		Debug|Any CPU = Debug|Any CPU
		Debug|x64 = Debug|x64
		MSIX|Any CPU = MSIX|Any CPU
		MSIX|x64 = MSIX|x64
		Release|Any CPU = Release|Any CPU
		Release|x64 = Release|x64
	EndGlobalSection
	GlobalSection(ProjectConfigurationPlatforms) = postSolution
		{7FC7663E-E503-DDAF-27FD-1196C6041814}.Debug|Any CPU.ActiveCfg = Debug|Any CPU
		{7FC7663E-E503-DDAF-27FD-1196C6041814}.Debug|Any CPU.Build.0 = Debug|Any CPU
		{7FC7663E-E503-DDAF-27FD-1196C6041814}.Debug|x64.ActiveCfg = Debug|Any CPU
		{7FC7663E-E503-DDAF-27FD-1196C6041814}.Debug|x64.Build.0 = Debug|Any CPU
		{7FC7663E-E503-DDAF-27FD-1196C6041814}.MSIX|Any CPU.ActiveCfg = MSIX|Any CPU
		{7FC7663E-E503-DDAF-27FD-1196C6041814}.MSIX|Any CPU.Build.0 = MSIX|Any CPU
		{7FC7663E-E503-DDAF-27FD-1196C6041814}.MSIX|x64.ActiveCfg = MSIX|x64
		{7FC7663E-E503-DDAF-27FD-1196C6041814}.MSIX|x64.Build.0 = MSIX|x64
		{7FC7663E-E503-DDAF-27FD-1196C6041814}.Release|Any CPU.ActiveCfg = Release|Any CPU
		{7FC7663E-E503-DDAF-27FD-1196C6041814}.Release|Any CPU.Build.0 = Release|Any CPU
		{7FC7663E-E503-DDAF-27FD-1196C6041814}.Release|x64.ActiveCfg = Release|Any CPU
		{7FC7663E-E503-DDAF-27FD-1196C6041814}.Release|x64.Build.0 = Release|Any CPU
		{951796D5-72D5-DE40-A137-BFA60740A989}.Debug|Any CPU.ActiveCfg = Debug|Any CPU
		{951796D5-72D5-DE40-A137-BFA60740A989}.Debug|Any CPU.Build.0 = Debug|Any CPU
		{951796D5-72D5-DE40-A137-BFA60740A989}.Debug|x64.ActiveCfg = Debug|Any CPU
		{951796D5-72D5-DE40-A137-BFA60740A989}.Debug|x64.Build.0 = Debug|Any CPU
		{951796D5-72D5-DE40-A137-BFA60740A989}.MSIX|Any CPU.ActiveCfg = MSIX|Any CPU
		{951796D5-72D5-DE40-A137-BFA60740A989}.MSIX|Any CPU.Build.0 = MSIX|Any CPU
		{951796D5-72D5-DE40-A137-BFA60740A989}.MSIX|x64.ActiveCfg = Release|Any CPU
		{951796D5-72D5-DE40-A137-BFA60740A989}.Release|Any CPU.ActiveCfg = Release|Any CPU
		{951796D5-72D5-DE40-A137-BFA60740A989}.Release|Any CPU.Build.0 = Release|Any CPU
		{951796D5-72D5-DE40-A137-BFA60740A989}.Release|x64.ActiveCfg = Release|Any CPU
		{951796D5-72D5-DE40-A137-BFA60740A989}.Release|x64.Build.0 = Release|Any CPU
		{9BB8824B-01FD-F5F5-8197-BD886C7277BF}.Debug|Any CPU.ActiveCfg = Debug|Any CPU
		{9BB8824B-01FD-F5F5-8197-BD886C7277BF}.Debug|Any CPU.Build.0 = Debug|Any CPU
		{9BB8824B-01FD-F5F5-8197-BD886C7277BF}.Debug|x64.ActiveCfg = Debug|Any CPU
		{9BB8824B-01FD-F5F5-8197-BD886C7277BF}.Debug|x64.Build.0 = Debug|Any CPU
		{9BB8824B-01FD-F5F5-8197-BD886C7277BF}.MSIX|Any CPU.ActiveCfg = MSIX|Any CPU
		{9BB8824B-01FD-F5F5-8197-BD886C7277BF}.MSIX|Any CPU.Build.0 = MSIX|Any CPU
		{9BB8824B-01FD-F5F5-8197-BD886C7277BF}.MSIX|x64.ActiveCfg = Release|Any CPU
		{9BB8824B-01FD-F5F5-8197-BD886C7277BF}.Release|Any CPU.ActiveCfg = Release|Any CPU
		{9BB8824B-01FD-F5F5-8197-BD886C7277BF}.Release|Any CPU.Build.0 = Release|Any CPU
		{9BB8824B-01FD-F5F5-8197-BD886C7277BF}.Release|x64.ActiveCfg = Release|Any CPU
		{9BB8824B-01FD-F5F5-8197-BD886C7277BF}.Release|x64.Build.0 = Release|Any CPU
	EndGlobalSection
	GlobalSection(SolutionProperties) = preSolution
		HideSolutionNode = FALSE
	EndGlobalSection
	GlobalSection(NestedProjects) = preSolution
		{951796D5-72D5-DE40-A137-BFA60740A989} = {1AE8ACA6-933B-BF2A-3671-3E2EAC007D16}
		{9BB8824B-01FD-F5F5-8197-BD886C7277BF} = {1AE8ACA6-933B-BF2A-3671-3E2EAC007D16}
	EndGlobalSection
	GlobalSection(ExtensibilityGlobals) = postSolution
		SolutionGuid = {585AB578-2472-4AB6-A486-FEED3197AE9D}
	EndGlobalSection
EndGlobal
